// !$*UTF8*$!
{
	archiveVersion = 1;
	classes = {
	};
	objectVersion = 77;
	objects = {

/* Begin PBXContainerItemProxy section */
		598459862E7B4E18006BBFEC /* PBXContainerItemProxy */ = {
			isa = PBXContainerItemProxy;
			containerPortal = 598459702E7B4E15006BBFEC /* Project object */;
			proxyType = 1;
			remoteGlobalIDString = 598459772E7B4E15006BBFEC;
			remoteInfo = TwoWayBindings;
		};
		598459902E7B4E18006BBFEC /* PBXContainerItemProxy */ = {
			isa = PBXContainerItemProxy;
			containerPortal = 598459702E7B4E15006BBFEC /* Project object */;
			proxyType = 1;
			remoteGlobalIDString = 598459772E7B4E15006BBFEC;
			remoteInfo = TwoWayBindings;
		};
/* End PBXContainerItemProxy section */

/* Begin PBXFileReference section */
		598459782E7B4E15006BBFEC /* TwoWayBindings.app */ = {isa = PBXFileReference; explicitFileType = wrapper.application; includeInIndex = 0; path = TwoWayBindings.app; sourceTree = BUILT_PRODUCTS_DIR; };
		598459852E7B4E18006BBFEC /* TwoWayBindingsTests.xctest */ = {isa = PBXFileReference; explicitFileType = wrapper.cfbundle; includeInIndex = 0; path = TwoWayBindingsTests.xctest; sourceTree = BUILT_PRODUCTS_DIR; };
		5984598F2E7B4E18006BBFEC /* TwoWayBindingsUITests.xctest */ = {isa = PBXFileReference; explicitFileType = wrapper.cfbundle; includeInIndex = 0; path = TwoWayBindingsUITests.xctest; sourceTree = BUILT_PRODUCTS_DIR; };
/* End PBXFileReference section */

/* Begin PBXFileSystemSynchronizedRootGroup section */
		5984597A2E7B4E15006BBFEC /* TwoWayBindings */ = {
			isa = PBXFileSystemSynchronizedRootGroup;
			path = TwoWayBindings;
			sourceTree = "<group>";
		};
		598459882E7B4E18006BBFEC /* TwoWayBindingsTests */ = {
			isa = PBXFileSystemSynchronizedRootGroup;
			path = TwoWayBindingsTests;
			sourceTree = "<group>";
		};
		598459922E7B4E18006BBFEC /* TwoWayBindingsUITests */ = {
			isa = PBXFileSystemSynchronizedRootGroup;
			path = TwoWayBindingsUITests;
			sourceTree = "<group>";
		};
/* End PBXFileSystemSynchronizedRootGroup section */

/* Begin PBXFrameworksBuildPhase section */
		598459752E7B4E15006BBFEC /* Frameworks */ = {
			isa = PBXFrameworksBuildPhase;
			buildActionMask = 2147483647;
			files = (
			);
			runOnlyForDeploymentPostprocessing = 0;
		};
		598459822E7B4E18006BBFEC /* Frameworks */ = {
			isa = PBXFrameworksBuildPhase;
			buildActionMask = 2147483647;
			files = (
			);
			runOnlyForDeploymentPostprocessing = 0;
		};
		5984598C2E7B4E18006BBFEC /* Frameworks */ = {
			isa = PBXFrameworksBuildPhase;
			buildActionMask = 2147483647;
			files = (
			);
			runOnlyForDeploymentPostprocessing = 0;
		};
/* End PBXFrameworksBuildPhase section */

/* Begin PBXGroup section */
		5984596F2E7B4E15006BBFEC = {
			isa = PBXGroup;
			children = (
				5984597A2E7B4E15006BBFEC /* TwoWayBindings */,
				598459882E7B4E18006BBFEC /* TwoWayBindingsTests */,
				598459922E7B4E18006BBFEC /* TwoWayBindingsUITests */,
				598459792E7B4E15006BBFEC /* Products */,
			);
			sourceTree = "<group>";
		};
		598459792E7B4E15006BBFEC /* Products */ = {
			isa = PBXGroup;
			children = (
				598459782E7B4E15006BBFEC /* TwoWayBindings.app */,
				598459852E7B4E18006BBFEC /* TwoWayBindingsTests.xctest */,
				5984598F2E7B4E18006BBFEC /* TwoWayBindingsUITests.xctest */,
			);
			name = Products;
			sourceTree = "<group>";
		};
/* End PBXGroup section */

/* Begin PBXNativeTarget section */
		598459772E7B4E15006BBFEC /* TwoWayBindings */ = {
			isa = PBXNativeTarget;
			buildConfigurationList = 598459992E7B4E18006BBFEC /* Build configuration list for PBXNativeTarget "TwoWayBindings" */;
			buildPhases = (
				598459742E7B4E15006BBFEC /* Sources */,
				598459752E7B4E15006BBFEC /* Frameworks */,
				598459762E7B4E15006BBFEC /* Resources */,
			);
			buildRules = (
			);
			dependencies = (
			);
			fileSystemSynchronizedGroups = (
				5984597A2E7B4E15006BBFEC /* TwoWayBindings */,
			);
			name = TwoWayBindings;
			packageProductDependencies = (
			);
			productName = TwoWayBindings;
			productReference = 598459782E7B4E15006BBFEC /* TwoWayBindings.app */;
			productType = "com.apple.product-type.application";
		};
		598459842E7B4E18006BBFEC /* TwoWayBindingsTests */ = {
			isa = PBXNativeTarget;
			buildConfigurationList = 5984599C2E7B4E18006BBFEC /* Build configuration list for PBXNativeTarget "TwoWayBindingsTests" */;
			buildPhases = (
				598459812E7B4E18006BBFEC /* Sources */,
				598459822E7B4E18006BBFEC /* Frameworks */,
				598459832E7B4E18006BBFEC /* Resources */,
			);
			buildRules = (
			);
			dependencies = (
				598459872E7B4E18006BBFEC /* PBXTargetDependency */,
			);
			fileSystemSynchronizedGroups = (
				598459882E7B4E18006BBFEC /* TwoWayBindingsTests */,
			);
			name = TwoWayBindingsTests;
			packageProductDependencies = (
			);
			productName = TwoWayBindingsTests;
			productReference = 598459852E7B4E18006BBFEC /* TwoWayBindingsTests.xctest */;
			productType = "com.apple.product-type.bundle.unit-test";
		};
		5984598E2E7B4E18006BBFEC /* TwoWayBindingsUITests */ = {
			isa = PBXNativeTarget;
			buildConfigurationList = 5984599F2E7B4E18006BBFEC /* Build configuration list for PBXNativeTarget "TwoWayBindingsUITests" */;
			buildPhases = (
				5984598B2E7B4E18006BBFEC /* Sources */,
				5984598C2E7B4E18006BBFEC /* Frameworks */,
				5984598D2E7B4E18006BBFEC /* Resources */,
			);
			buildRules = (
			);
			dependencies = (
				598459912E7B4E18006BBFEC /* PBXTargetDependency */,
			);
			fileSystemSynchronizedGroups = (
				598459922E7B4E18006BBFEC /* TwoWayBindingsUITests */,
			);
			name = TwoWayBindingsUITests;
			packageProductDependencies = (
			);
			productName = TwoWayBindingsUITests;
			productReference = 5984598F2E7B4E18006BBFEC /* TwoWayBindingsUITests.xctest */;
			productType = "com.apple.product-type.bundle.ui-testing";
		};
/* End PBXNativeTarget section */

/* Begin PBXProject section */
		598459702E7B4E15006BBFEC /* Project object */ = {
			isa = PBXProject;
			attributes = {
				BuildIndependentTargetsInParallel = 1;
				LastSwiftUpdateCheck = 1640;
				LastUpgradeCheck = 1640;
				TargetAttributes = {
					598459772E7B4E15006BBFEC = {
						CreatedOnToolsVersion = 16.4;
					};
					598459842E7B4E18006BBFEC = {
						CreatedOnToolsVersion = 16.4;
						TestTargetID = 598459772E7B4E15006BBFEC;
					};
					5984598E2E7B4E18006BBFEC = {
						CreatedOnToolsVersion = 16.4;
						TestTargetID = 598459772E7B4E15006BBFEC;
					};
				};
			};
			buildConfigurationList = 598459732E7B4E15006BBFEC /* Build configuration list for PBXProject "TwoWayBindings" */;
			developmentRegion = en;
			hasScannedForEncodings = 0;
			knownRegions = (
				en,
				Base,
			);
			mainGroup = 5984596F2E7B4E15006BBFEC;
			minimizedProjectReferenceProxies = 1;
			preferredProjectObjectVersion = 77;
			productRefGroup = 598459792E7B4E15006BBFEC /* Products */;
			projectDirPath = "";
			projectRoot = "";
			targets = (
				598459772E7B4E15006BBFEC /* TwoWayBindings */,
				598459842E7B4E18006BBFEC /* TwoWayBindingsTests */,
				5984598E2E7B4E18006BBFEC /* TwoWayBindingsUITests */,
			);
		};
/* End PBXProject section */

/* Begin PBXResourcesBuildPhase section */
		598459762E7B4E15006BBFEC /* Resources */ = {
			isa = PBXResourcesBuildPhase;
			buildActionMask = 2147483647;
			files = (
			);
			runOnlyForDeploymentPostprocessing = 0;
		};
		598459832E7B4E18006BBFEC /* Resources */ = {
			isa = PBXResourcesBuildPhase;
			buildActionMask = 2147483647;
			files = (
			);
			runOnlyForDeploymentPostprocessing = 0;
		};
		5984598D2E7B4E18006BBFEC /* Resources */ = {
			isa = PBXResourcesBuildPhase;
			buildActionMask = 2147483647;
			files = (
			);
			runOnlyForDeploymentPostprocessing = 0;
		};
/* End PBXResourcesBuildPhase section */

/* Begin PBXSourcesBuildPhase section */
		598459742E7B4E15006BBFEC /* Sources */ = {
			isa = PBXSourcesBuildPhase;
			buildActionMask = 2147483647;
			files = (
			);
			runOnlyForDeploymentPostprocessing = 0;
		};
		598459812E7B4E18006BBFEC /* Sources */ = {
			isa = PBXSourcesBuildPhase;
			buildActionMask = 2147483647;
			files = (
			);
			runOnlyForDeploymentPostprocessing = 0;
		};
		5984598B2E7B4E18006BBFEC /* Sources */ = {
			isa = PBXSourcesBuildPhase;
			buildActionMask = 2147483647;
			files = (
			);
			runOnlyForDeploymentPostprocessing = 0;
		};
/* End PBXSourcesBuildPhase section */

/* Begin PBXTargetDependency section */
		598459872E7B4E18006BBFEC /* PBXTargetDependency */ = {
			isa = PBXTargetDependency;
			target = 598459772E7B4E15006BBFEC /* TwoWayBindings */;
			targetProxy = 598459862E7B4E18006BBFEC /* PBXContainerItemProxy */;
		};
		598459912E7B4E18006BBFEC /* PBXTargetDependency */ = {
			isa = PBXTargetDependency;
			target = 598459772E7B4E15006BBFEC /* TwoWayBindings */;
			targetProxy = 598459902E7B4E18006BBFEC /* PBXContainerItemProxy */;
		};
/* End PBXTargetDependency section */

/* Begin XCBuildConfiguration section */
		598459972E7B4E18006BBFEC /* Debug */ = {
			isa = XCBuildConfiguration;
			buildSettings = {
				ALWAYS_SEARCH_USER_PATHS = NO;
				ASSETCATALOG_COMPILER_GENERATE_SWIFT_ASSET_SYMBOL_EXTENSIONS = YES;
				CLANG_ANALYZER_NONNULL = YES;
				CLANG_ANALYZER_NUMBER_OBJECT_CONVERSION = YES_AGGRESSIVE;
				CLANG_CXX_LANGUAGE_STANDARD = "gnu++20";
				CLANG_ENABLE_MODULES = YES;
				CLANG_ENABLE_OBJC_ARC = YES;
				CLANG_ENABLE_OBJC_WEAK = YES;
				CLANG_WARN_BLOCK_CAPTURE_AUTORELEASING = YES;
				CLANG_WARN_BOOL_CONVERSION = YES;
				CLANG_WARN_COMMA = YES;
				CLANG_WARN_CONSTANT_CONVERSION = YES;
				CLANG_WARN_DEPRECATED_OBJC_IMPLEMENTATIONS = YES;
				CLANG_WARN_DIRECT_OBJC_ISA_USAGE = YES_ERROR;
				CLANG_WARN_DOCUMENTATION_COMMENTS = YES;
				CLANG_WARN_EMPTY_BODY = YES;
				CLANG_WARN_ENUM_CONVERSION = YES;
				CLANG_WARN_INFINITE_RECURSION = YES;
				CLANG_WARN_INT_CONVERSION = YES;
				CLANG_WARN_NON_LITERAL_NULL_CONVERSION = YES;
				CLANG_WARN_OBJC_IMPLICIT_RETAIN_SELF = YES;
				CLANG_WARN_OBJC_LITERAL_CONVERSION = YES;
				CLANG_WARN_OBJC_ROOT_CLASS = YES_ERROR;
				CLANG_WARN_QUOTED_INCLUDE_IN_FRAMEWORK_HEADER = YES;
				CLANG_WARN_RANGE_LOOP_ANALYSIS = YES;
				CLANG_WARN_STRICT_PROTOTYPES = YES;
				CLANG_WARN_SUSPICIOUS_MOVE = YES;
				CLANG_WARN_UNGUARDED_AVAILABILITY = YES_AGGRESSIVE;
				CLANG_WARN_UNREACHABLE_CODE = YES;
				CLANG_WARN__DUPLICATE_METHOD_MATCH = YES;
				COPY_PHASE_STRIP = NO;
				DEBUG_INFORMATION_FORMAT = dwarf;
				DEVELOPMENT_TEAM = 62Z297N4Z4;
				ENABLE_STRICT_OBJC_MSGSEND = YES;
				ENABLE_TESTABILITY = YES;
				ENABLE_USER_SCRIPT_SANDBOXING = YES;
				GCC_C_LANGUAGE_STANDARD = gnu17;
				GCC_DYNAMIC_NO_PIC = NO;
				GCC_NO_COMMON_BLOCKS = YES;
				GCC_OPTIMIZATION_LEVEL = 0;
				GCC_PREPROCESSOR_DEFINITIONS = (
					"DEBUG=1",
					"$(inherited)",
				);
				GCC_WARN_64_TO_32_BIT_CONVERSION = YES;
				GCC_WARN_ABOUT_RETURN_TYPE = YES_ERROR;
				GCC_WARN_UNDECLARED_SELECTOR = YES;
				GCC_WARN_UNINITIALIZED_AUTOS = YES_AGGRESSIVE;
				GCC_WARN_UNUSED_FUNCTION = YES;
				GCC_WARN_UNUSED_VARIABLE = YES;
				IPHONEOS_DEPLOYMENT_TARGET = 18.5;
				LOCALIZATION_PREFERS_STRING_CATALOGS = YES;
				MTL_ENABLE_DEBUG_INFO = INCLUDE_SOURCE;
				MTL_FAST_MATH = YES;
				ONLY_ACTIVE_ARCH = YES;
				SDKROOT = iphoneos;
				SWIFT_ACTIVE_COMPILATION_CONDITIONS = "DEBUG $(inherited)";
				SWIFT_OPTIMIZATION_LEVEL = "-Onone";
			};
			name = Debug;
		};
		598459982E7B4E18006BBFEC /* Release */ = {
			isa = XCBuildConfiguration;
			buildSettings = {
				ALWAYS_SEARCH_USER_PATHS = NO;
				ASSETCATALOG_COMPILER_GENERATE_SWIFT_ASSET_SYMBOL_EXTENSIONS = YES;
				CLANG_ANALYZER_NONNULL = YES;
				CLANG_ANALYZER_NUMBER_OBJECT_CONVERSION = YES_AGGRESSIVE;
				CLANG_CXX_LANGUAGE_STANDARD = "gnu++20";
				CLANG_ENABLE_MODULES = YES;
				CLANG_ENABLE_OBJC_ARC = YES;
				CLANG_ENABLE_OBJC_WEAK = YES;
				CLANG_WARN_BLOCK_CAPTURE_AUTORELEASING = YES;
				CLANG_WARN_BOOL_CONVERSION = YES;
				CLANG_WARN_COMMA = YES;
				CLANG_WARN_CONSTANT_CONVERSION = YES;
				CLANG_WARN_DEPRECATED_OBJC_IMPLEMENTATIONS = YES;
				CLANG_WARN_DIRECT_OBJC_ISA_USAGE = YES_ERROR;
				CLANG_WARN_DOCUMENTATION_COMMENTS = YES;
				CLANG_WARN_EMPTY_BODY = YES;
				CLANG_WARN_ENUM_CONVERSION = YES;
				CLANG_WARN_INFINITE_RECURSION = YES;
				CLANG_WARN_INT_CONVERSION = YES;
				CLANG_WARN_NON_LITERAL_NULL_CONVERSION = YES;
				CLANG_WARN_OBJC_IMPLICIT_RETAIN_SELF = YES;
				CLANG_WARN_OBJC_LITERAL_CONVERSION = YES;
				CLANG_WARN_OBJC_ROOT_CLASS = YES_ERROR;
				CLANG_WARN_QUOTED_INCLUDE_IN_FRAMEWORK_HEADER = YES;
				CLANG_WARN_RANGE_LOOP_ANALYSIS = YES;
				CLANG_WARN_STRICT_PROTOTYPES = YES;
				CLANG_WARN_SUSPICIOUS_MOVE = YES;
				CLANG_WARN_UNGUARDED_AVAILABILITY = YES_AGGRESSIVE;
				CLANG_WARN_UNREACHABLE_CODE = YES;
				CLANG_WARN__DUPLICATE_METHOD_MATCH = YES;
				COPY_PHASE_STRIP = NO;
				DEBUG_INFORMATION_FORMAT = "dwarf-with-dsym";
				DEVELOPMENT_TEAM = 62Z297N4Z4;
				ENABLE_NS_ASSERTIONS = NO;
				ENABLE_STRICT_OBJC_MSGSEND = YES;
				ENABLE_USER_SCRIPT_SANDBOXING = YES;
				GCC_C_LANGUAGE_STANDARD = gnu17;
				GCC_NO_COMMON_BLOCKS = YES;
				GCC_WARN_64_TO_32_BIT_CONVERSION = YES;
				GCC_WARN_ABOUT_RETURN_TYPE = YES_ERROR;
				GCC_WARN_UNDECLARED_SELECTOR = YES;
				GCC_WARN_UNINITIALIZED_AUTOS = YES_AGGRESSIVE;
				GCC_WARN_UNUSED_FUNCTION = YES;
				GCC_WARN_UNUSED_VARIABLE = YES;
				IPHONEOS_DEPLOYMENT_TARGET = 18.5;
				LOCALIZATION_PREFERS_STRING_CATALOGS = YES;
				MTL_ENABLE_DEBUG_INFO = NO;
				MTL_FAST_MATH = YES;
				SDKROOT = iphoneos;
				SWIFT_COMPILATION_MODE = wholemodule;
				VALIDATE_PRODUCT = YES;
			};
			name = Release;
		};
		5984599A2E7B4E18006BBFEC /* Debug */ = {
			isa = XCBuildConfiguration;
			buildSettings = {
				ASSETCATALOG_COMPILER_APPICON_NAME = AppIcon;
				ASSETCATALOG_COMPILER_GLOBAL_ACCENT_COLOR_NAME = AccentColor;
				CODE_SIGN_STYLE = Automatic;
				CURRENT_PROJECT_VERSION = 1;
				DEVELOPMENT_TEAM = 62Z297N4Z4;
				ENABLE_PREVIEWS = YES;
				GENERATE_INFOPLIST_FILE = YES;
				INFOPLIST_KEY_UIApplicationSceneManifest_Generation = YES;
				INFOPLIST_KEY_UIApplicationSupportsIndirectInputEvents = YES;
				INFOPLIST_KEY_UILaunchScreen_Generation = YES;
				INFOPLIST_KEY_UISupportedInterfaceOrientations_iPad = "UIInterfaceOrientationPortrait UIInterfaceOrientationPortraitUpsideDown UIInterfaceOrientationLandscapeLeft UIInterfaceOrientationLandscapeRight";
				INFOPLIST_KEY_UISupportedInterfaceOrientations_iPhone = "UIInterfaceOrientationPortrait UIInterfaceOrientationLandscapeLeft UIInterfaceOrientationLandscapeRight";
				LD_RUNPATH_SEARCH_PATHS = (
					"$(inherited)",
					"@executable_path/Frameworks",
				);
				MARKETING_VERSION = 1.0;
				PRODUCT_BUNDLE_IDENTIFIER = CTC.TwoWayBindings;
				PRODUCT_NAME = "$(TARGET_NAME)";
				SWIFT_EMIT_LOC_STRINGS = YES;
				SWIFT_VERSION = 5.0;
				TARGETED_DEVICE_FAMILY = "1,2";
			};
			name = Debug;
		};
		5984599B2E7B4E18006BBFEC /* Release */ = {
			isa = XCBuildConfiguration;
			buildSettings = {
				ASSETCATALOG_COMPILER_APPICON_NAME = AppIcon;
				ASSETCATALOG_COMPILER_GLOBAL_ACCENT_COLOR_NAME = AccentColor;
				CODE_SIGN_STYLE = Automatic;
				CURRENT_PROJECT_VERSION = 1;
				DEVELOPMENT_TEAM = 62Z297N4Z4;
				ENABLE_PREVIEWS = YES;
				GENERATE_INFOPLIST_FILE = YES;
				INFOPLIST_KEY_UIApplicationSceneManifest_Generation = YES;
				INFOPLIST_KEY_UIApplicationSupportsIndirectInputEvents = YES;
				INFOPLIST_KEY_UILaunchScreen_Generation = YES;
				INFOPLIST_KEY_UISupportedInterfaceOrientations_iPad = "UIInterfaceOrientationPortrait UIInterfaceOrientationPortraitUpsideDown UIInterfaceOrientationLandscapeLeft UIInterfaceOrientationLandscapeRight";
				INFOPLIST_KEY_UISupportedInterfaceOrientations_iPhone = "UIInterfaceOrientationPortrait UIInterfaceOrientationLandscapeLeft UIInterfaceOrientationLandscapeRight";
				LD_RUNPATH_SEARCH_PATHS = (
					"$(inherited)",
					"@executable_path/Frameworks",
				);
				MARKETING_VERSION = 1.0;
				PRODUCT_BUNDLE_IDENTIFIER = CTC.TwoWayBindings;
				PRODUCT_NAME = "$(TARGET_NAME)";
				SWIFT_EMIT_LOC_STRINGS = YES;
				SWIFT_VERSION = 5.0;
				TARGETED_DEVICE_FAMILY = "1,2";
			};
			name = Release;
		};
		5984599D2E7B4E18006BBFEC /* Debug */ = {
			isa = XCBuildConfiguration;
			buildSettings = {
				BUNDLE_LOADER = "$(TEST_HOST)";
				CODE_SIGN_STYLE = Automatic;
				CURRENT_PROJECT_VERSION = 1;
				DEVELOPMENT_TEAM = 62Z297N4Z4;
				GENERATE_INFOPLIST_FILE = YES;
				IPHONEOS_DEPLOYMENT_TARGET = 18.5;
				MARKETING_VERSION = 1.0;
				PRODUCT_BUNDLE_IDENTIFIER = CTC.TwoWayBindingsTests;
				PRODUCT_NAME = "$(TARGET_NAME)";
				SWIFT_EMIT_LOC_STRINGS = NO;
				SWIFT_VERSION = 5.0;
				TARGETED_DEVICE_FAMILY = "1,2";
				TEST_HOST = "$(BUILT_PRODUCTS_DIR)/TwoWayBindings.app/$(BUNDLE_EXECUTABLE_FOLDER_PATH)/TwoWayBindings";
			};
			name = Debug;
		};
		5984599E2E7B4E18006BBFEC /* Release */ = {
			isa = XCBuildConfiguration;
			buildSettings = {
				BUNDLE_LOADER = "$(TEST_HOST)";
				CODE_SIGN_STYLE = Automatic;
				CURRENT_PROJECT_VERSION = 1;
				DEVELOPMENT_TEAM = 62Z297N4Z4;
				GENERATE_INFOPLIST_FILE = YES;
				IPHONEOS_DEPLOYMENT_TARGET = 18.5;
				MARKETING_VERSION = 1.0;
				PRODUCT_BUNDLE_IDENTIFIER = CTC.TwoWayBindingsTests;
				PRODUCT_NAME = "$(TARGET_NAME)";
				SWIFT_EMIT_LOC_STRINGS = NO;
				SWIFT_VERSION = 5.0;
				TARGETED_DEVICE_FAMILY = "1,2";
				TEST_HOST = "$(BUILT_PRODUCTS_DIR)/TwoWayBindings.app/$(BUNDLE_EXECUTABLE_FOLDER_PATH)/TwoWayBindings";
			};
			name = Release;
		};
		598459A02E7B4E18006BBFEC /* Debug */ = {
			isa = XCBuildConfiguration;
			buildSettings = {
				CODE_SIGN_STYLE = Automatic;
				CURRENT_PROJECT_VERSION = 1;
				DEVELOPMENT_TEAM = 62Z297N4Z4;
				GENERATE_INFOPLIST_FILE = YES;
				MARKETING_VERSION = 1.0;
				PRODUCT_BUNDLE_IDENTIFIER = CTC.TwoWayBindingsUITests;
				PRODUCT_NAME = "$(TARGET_NAME)";
				SWIFT_EMIT_LOC_STRINGS = NO;
				SWIFT_VERSION = 5.0;
				TARGETED_DEVICE_FAMILY = "1,2";
				TEST_TARGET_NAME = TwoWayBindings;
			};
			name = Debug;
		};
		598459A12E7B4E18006BBFEC /* Release */ = {
			isa = XCBuildConfiguration;
			buildSettings = {
				CODE_SIGN_STYLE = Automatic;
				CURRENT_PROJECT_VERSION = 1;
				DEVELOPMENT_TEAM = 62Z297N4Z4;
				GENERATE_INFOPLIST_FILE = YES;
				MARKETING_VERSION = 1.0;
				PRODUCT_BUNDLE_IDENTIFIER = CTC.TwoWayBindingsUITests;
				PRODUCT_NAME = "$(TARGET_NAME)";
				SWIFT_EMIT_LOC_STRINGS = NO;
				SWIFT_VERSION = 5.0;
				TARGETED_DEVICE_FAMILY = "1,2";
				TEST_TARGET_NAME = TwoWayBindings;
			};
			name = Release;
		};
/* End XCBuildConfiguration section */

/* Begin XCConfigurationList section */
		598459732E7B4E15006BBFEC /* Build configuration list for PBXProject "TwoWayBindings" */ = {
			isa = XCConfigurationList;
			buildConfigurations = (
				598459972E7B4E18006BBFEC /* Debug */,
				598459982E7B4E18006BBFEC /* Release */,
			);
			defaultConfigurationIsVisible = 0;
			defaultConfigurationName = Release;
		};
		598459992E7B4E18006BBFEC /* Build configuration list for PBXNativeTarget "TwoWayBindings" */ = {
			isa = XCConfigurationList;
			buildConfigurations = (
				5984599A2E7B4E18006BBFEC /* Debug */,
				5984599B2E7B4E18006BBFEC /* Release */,
			);
			defaultConfigurationIsVisible = 0;
			defaultConfigurationName = Release;
		};
		5984599C2E7B4E18006BBFEC /* Build configuration list for PBXNativeTarget "TwoWayBindingsTests" */ = {
			isa = XCConfigurationList;
			buildConfigurations = (
				5984599D2E7B4E18006BBFEC /* Debug */,
				5984599E2E7B4E18006BBFEC /* Release */,
			);
			defaultConfigurationIsVisible = 0;
			defaultConfigurationName = Release;
		};
		5984599F2E7B4E18006BBFEC /* Build configuration list for PBXNativeTarget "TwoWayBindingsUITests" */ = {
			isa = XCConfigurationList;
			buildConfigurations = (
				598459A02E7B4E18006BBFEC /* Debug */,
				598459A12E7B4E18006BBFEC /* Release */,
			);
			defaultConfigurationIsVisible = 0;
			defaultConfigurationName = Release;
		};
/* End XCConfigurationList section */
	};
	rootObject = 598459702E7B4E15006BBFEC /* Project object */;
}
